
Microsoft Visual Studio Solution File, Format Version 12.00
# Visual Studio Version 16
VisualStudioVersion = 16.0.32802.440
MinimumVisualStudioVersion = 10.0.40219.1
Project("{8BC9CEB8-8B4A-11D0-8D11-00A0C91BC942}") = "Задача 1 семестр 6", "Задача 1 семестр 6\Задача 1 семестр 6.vcxproj", "{7CDD1BE8-35FD-4574-89FD-812D1A0A38E8}"
EndProject
Global
	GlobalSection(SolutionConfigurationPlatforms) = preSolution
		Debug|x64 = Debug|x64
		Debug|x86 = Debug|x86
		Release|x64 = Release|x64
		Release|x86 = Release|x86
	EndGlobalSection
	GlobalSection(ProjectConfigurationPlatforms) = postSolution
		{7CDD1BE8-35FD-4574-89FD-812D1A0A38E8}.Debug|x64.ActiveCfg = Debug|x64
		{7CDD1BE8-35FD-4574-89FD-812D1A0A38E8}.Debug|x64.Build.0 = Debug|x64
		{7CDD1BE8-35FD-4574-89FD-812D1A0A38E8}.Debug|x86.ActiveCfg = Debug|Win32
		{7CDD1BE8-35FD-4574-89FD-812D1A0A38E8}.Debug|x86.Build.0 = Debug|Win32
		{7CDD1BE8-35FD-4574-89FD-812D1A0A38E8}.Release|x64.ActiveCfg = Release|x64
		{7CDD1BE8-35FD-4574-89FD-812D1A0A38E8}.Release|x64.Build.0 = Release|x64
		{7CDD1BE8-35FD-4574-89FD-812D1A0A38E8}.Release|x86.ActiveCfg = Release|Win32
		{7CDD1BE8-35FD-4574-89FD-812D1A0A38E8}.Release|x86.Build.0 = Release|Win32
	EndGlobalSection
	GlobalSection(SolutionProperties) = preSolution
		HideSolutionNode = FALSE
	EndGlobalSection
	GlobalSection(ExtensibilityGlobals) = postSolution
		SolutionGuid = {46B3FCC4-10B8-426B-B027-87EB94A4EA67}
	EndGlobalSection
EndGlobal
